{
  "object": {
    "pins": [
      {
        "package": "apns",
        "repositoryURL": "https://github.com/vapor/apns.git",
        "state": {
          "branch": null,
          "revision": "e066fdad594107a3a7d56934a2536bc74dbbe191",
          "version": "1.0.0-rc.1.1"
        }
      },
      {
        "package": "apnswift",
        "repositoryURL": "https://github.com/kylebrowning/APNSwift.git",
        "state": {
          "branch": null,
          "revision": "9f4c2a2d7c7a1229f540f5a266bcb55a5f2d94e6",
          "version": "2.0.0-rc1"
        }
      },
      {
        "package": "async-http-client",
        "repositoryURL": "https://github.com/swift-server/async-http-client.git",
        "state": {
          "branch": null,
          "revision": "037b70291941fe43de668066eb6fb802c5e181d2",
          "version": "1.1.1"
        }
      },
      {
        "package": "async-kit",
        "repositoryURL": "https://github.com/vapor/async-kit.git",
        "state": {
          "branch": null,
          "revision": "8e2cad80dd9f62f0349a2a78ab8c81fb456f4d4a",
          "version": "1.1.1"
        }
      },
      {
        "package": "combine-schedulers",
        "repositoryURL": "https://github.com/pointfreeco/combine-schedulers",
        "state": {
          "branch": null,
          "revision": "afc84b6a3639198b7b8b6d79f04eb3c2ee590d29",
          "version": "0.1.1"
        }
      },
      {
        "package": "console-kit",
        "repositoryURL": "https://github.com/vapor/console-kit.git",
        "state": {
          "branch": null,
          "revision": "4ffc23dd1d6454228f78194ef68d8b20fca9390a",
          "version": "4.1.1"
        }
      },
      {
        "package": "fluent",
        "repositoryURL": "https://github.com/vapor/fluent.git",
        "state": {
          "branch": null,
          "revision": "e681c93df3201a2d8ceef15e8a9a0634578df233",
          "version": "4.0.0"
        }
      },
      {
        "package": "fluent-kit",
        "repositoryURL": "https://github.com/vapor/fluent-kit.git",
        "state": {
          "branch": null,
          "revision": "ad5eef38c5168fdb4b77d5a73794a90e0ce3b9a5",
          "version": "1.0.2"
        }
      },
      {
        "package": "fluent-postgres-driver",
        "repositoryURL": "https://github.com/vapor/fluent-postgres-driver.git",
        "state": {
          "branch": null,
          "revision": "cf8ec53b87606dc799a07a0754a297b32cf9f592",
          "version": "2.0.0"
        }
      },
      {
        "package": "jwt",
        "repositoryURL": "https://github.com/vapor/jwt.git",
        "state": {
          "branch": null,
          "revision": "245dc755c2202a21c4108de0ecfd05aab174e8ab",
          "version": "4.0.0-rc.2.1"
        }
      },
      {
        "package": "jwt-kit",
        "repositoryURL": "https://github.com/vapor/jwt-kit.git",
        "state": {
          "branch": null,
          "revision": "b5b711fd6ee5638552a29a0c39003aeb109caa94",
          "version": "4.0.0-rc.1.5"
        }
      },
      {
        "package": "KeychainSwift",
        "repositoryURL": "https://github.com/evgenyneu/keychain-swift.git",
        "state": {
          "branch": null,
          "revision": "96fb84f45a96630e7583903bd7e08cf095c7a7ef",
          "version": "19.0.0"
        }
      },
      {
        "package": "postgres-kit",
        "repositoryURL": "https://github.com/vapor/postgres-kit.git",
        "state": {
          "branch": null,
          "revision": "fca27ff90326e3612ed0197598a7ce467bfedfbd",
          "version": "2.1.0"
        }
      },
      {
        "package": "postgres-nio",
        "repositoryURL": "https://github.com/vapor/postgres-nio.git",
        "state": {
          "branch": null,
          "revision": "25aa31fdd55ea119edee270ce4bd7bd4bd59fdf7",
          "version": "1.1.0"
        }
      },
      {
        "package": "queues",
        "repositoryURL": "https://github.com/vapor/queues.git",
        "state": {
          "branch": null,
          "revision": "f0c35103654695a8938cd3e406044d252951e89c",
          "version": "1.2.0"
        }
      },
      {
        "package": "queues-redis-driver",
        "repositoryURL": "https://github.com/vapor/queues-redis-driver.git",
        "state": {
          "branch": null,
          "revision": "2212b5daf46a35de6da1ea91af2e0cc927247ccb",
          "version": "1.0.0-rc.3"
        }
      },
      {
        "package": "redis-kit",
        "repositoryURL": "https://github.com/vapor/redis-kit.git",
        "state": {
          "branch": null,
          "revision": "9ef8f9dc472d022c4e94e5388ccf3c87ad83e2cb",
          "version": "1.0.0-beta.5"
        }
      },
      {
        "package": "RediStack",
        "repositoryURL": "https://gitlab.com/mordil/RediStack.git",
        "state": {
          "branch": null,
          "revision": "8b75ef7f0e3cb82c69f2e2b47ea8f49e7d4e2ca9",
          "version": "1.0.0-alpha.10"
        }
      },
      {
        "package": "routing-kit",
        "repositoryURL": "https://github.com/vapor/routing-kit.git",
        "state": {
          "branch": null,
          "revision": "e7f2d5bd36dc65a9edb303541cb678515a7fece3",
          "version": "4.1.0"
        }
      },
      {
        "package": "sendgrid",
        "repositoryURL": "https://github.com/vapor-community/sendgrid.git",
        "state": {
          "branch": null,
          "revision": "c744bc4398bd8dec50e3a6cfb0cdeca1aa853c07",
          "version": "4.0.0"
        }
      },
      {
        "package": "sendgrid-kit",
        "repositoryURL": "https://github.com/vapor-community/sendgrid-kit.git",
        "state": {
          "branch": null,
          "revision": "49f4b1d210219d9e8728f6fb4bcb5ae510e40a2e",
          "version": "1.0.0"
        }
      },
      {
        "package": "sql-kit",
        "repositoryURL": "https://github.com/vapor/sql-kit.git",
        "state": {
          "branch": null,
          "revision": "8b82edd5d918068f204e3ac4206d5d15f6740395",
          "version": "3.5.0"
        }
      },
      {
        "package": "swift-backtrace",
        "repositoryURL": "https://github.com/swift-server/swift-backtrace.git",
        "state": {
          "branch": null,
          "revision": "f2fd8c4845a123419c348e0bc4b3839c414077d5",
          "version": "1.2.0"
        }
      },
      {
        "package": "swift-case-paths",
        "repositoryURL": "https://github.com/pointfreeco/swift-case-paths",
        "state": {
          "branch": null,
          "revision": "fb733d87aabb5b053ad782902f2f3d67e0a65ac5",
          "version": "0.1.1"
        }
      },
      {
        "package": "swift-composable-architecture",
        "repositoryURL": "https://github.com/pointfreeco/swift-composable-architecture.git",
        "state": {
          "branch": null,
          "revision": "47a9d368d1f314a630bf91b71acfb5054420eeb3",
          "version": "0.8.0"
        }
      },
      {
        "package": "swift-crypto",
        "repositoryURL": "https://github.com/apple/swift-crypto.git",
        "state": {
          "branch": null,
          "revision": "9b9d1868601a199334da5d14f4ab2d37d4f8d0c5",
          "version": "1.0.2"
        }
      },
      {
        "package": "swift-log",
        "repositoryURL": "https://github.com/apple/swift-log.git",
        "state": {
          "branch": null,
          "revision": "74d7b91ceebc85daf387ebb206003f78813f71aa",
          "version": "1.2.0"
        }
      },
      {
        "package": "swift-metrics",
        "repositoryURL": "https://github.com/apple/swift-metrics.git",
        "state": {
          "branch": null,
          "revision": "708b960b4605abb20bc55d65abf6bad607252200",
          "version": "2.0.0"
        }
      },
      {
        "package": "swift-nio",
        "repositoryURL": "https://github.com/apple/swift-nio.git",
        "state": {
          "branch": null,
          "revision": "120acb15c39aa3217e9888e515de160378fbcc1e",
          "version": "2.18.0"
        }
      },
      {
        "package": "swift-nio-extras",
        "repositoryURL": "https://github.com/apple/swift-nio-extras.git",
        "state": {
          "branch": null,
          "revision": "7cd24c0efcf9700033f671b6a8eaa64a77dd0b72",
          "version": "1.5.1"
        }
      },
      {
        "package": "swift-nio-http2",
        "repositoryURL": "https://github.com/apple/swift-nio-http2.git",
        "state": {
          "branch": null,
          "revision": "c5d10f4165128c3d0cc0e3c0f0a8ef55947a73a6",
          "version": "1.12.2"
        }
      },
      {
        "package": "swift-nio-ssl",
        "repositoryURL": "https://github.com/apple/swift-nio-ssl.git",
        "state": {
          "branch": null,
          "revision": "f0b118d9af6c4e78bc4f3f4fbb464020172b0bf4",
          "version": "2.7.5"
        }
      },
      {
        "package": "Overture",
        "repositoryURL": "https://github.com/pointfreeco/swift-overture.git",
        "state": {
          "branch": null,
          "revision": "7977acd7597f413717058acc1e080731249a1d7e",
          "version": "0.5.0"
        }
      },
      {
        "package": "vapor",
        "repositoryURL": "https://github.com/vapor/vapor.git",
        "state": {
          "branch": null,
          "revision": "0875ed16ccfe6d26bdba63e45ada152dc2ba29d6",
          "version": "4.13.0"
        }
      },
      {
        "package": "websocket-kit",
        "repositoryURL": "https://github.com/vapor/websocket-kit.git",
        "state": {
          "branch": null,
          "revision": "021edd1ca55451ad15b3e84da6b4064e4b877b34",
          "version": "2.1.0"
        }
      }
    ]
  },
  "version": 1
}
