{
  "object": {
    "pins": [
      {
        "package": "AckeeTracker",
        "repositoryURL": "https://github.com/vknabel/AckeeTracker-Swift.git",
        "state": {
          "branch": null,
          "revision": "1ba25182f92f2fbe088066d4b02f7d3c6561fec3",
          "version": "0.1.0"
        }
      },
      {
        "package": "KeychainSwift",
        "repositoryURL": "https://github.com/evgenyneu/keychain-swift.git",
        "state": {
          "branch": null,
          "revision": "96fb84f45a96630e7583903bd7e08cf095c7a7ef",
          "version": "19.0.0"
        }
      },
      {
        "package": "Overture",
        "repositoryURL": "https://github.com/pointfreeco/swift-overture.git",
        "state": {
          "branch": null,
          "revision": "7977acd7597f413717058acc1e080731249a1d7e",
          "version": "0.5.0"
        }
      }
    ]
  },
  "version": 1
}
