// !$*UTF8*$!
{
	archiveVersion = 1;
	classes = {
	};
	objectVersion = 52;
	objects = {

/* Begin PBXBuildFile section */
		BA231225249C040A00AE13F1 /* ReceivedMessageNotification.apns in Resources */ = {isa = PBXBuildFile; fileRef = BA231224249C040A00AE13F1 /* ReceivedMessageNotification.apns */; };
		BA923F2C245EFAC0008BD6C9 /* Intents.intentdefinition in Sources */ = {isa = PBXBuildFile; fileRef = BA923F2F245EFAC0008BD6C9 /* Intents.intentdefinition */; };
		BA923F2D245EFAC0008BD6C9 /* Intents.intentdefinition in Sources */ = {isa = PBXBuildFile; fileRef = BA923F2F245EFAC0008BD6C9 /* Intents.intentdefinition */; };
		BA923F34245EFE94008BD6C9 /* Localizable.strings in Resources */ = {isa = PBXBuildFile; fileRef = BA923F36245EFE94008BD6C9 /* Localizable.strings */; };
		BA94F0C3244BA4030087924C /* UserNotifications.framework in Frameworks */ = {isa = PBXBuildFile; fileRef = BA94F0C2244BA4030087924C /* UserNotifications.framework */; };
		BA95250C245EC51900FFC9E3 /* IntentHandler.swift in Sources */ = {isa = PBXBuildFile; fileRef = BA95250B245EC51900FFC9E3 /* IntentHandler.swift */; };
		BA952521245EC51900FFC9E3 /* Puffery Intents.appex in Embed App Extensions */ = {isa = PBXBuildFile; fileRef = BA952509245EC51900FFC9E3 /* Puffery Intents.appex */; platformFilter = ios; settings = {ATTRIBUTES = (RemoveHeadersOnCopy, ); }; };
		BA95252E245ED5EA00FFC9E3 /* ListChannelsIntentHandler.swift in Sources */ = {isa = PBXBuildFile; fileRef = BA95252D245ED5EA00FFC9E3 /* ListChannelsIntentHandler.swift */; };
		BA952530245ED78500FFC9E3 /* PufferyUI in Frameworks */ = {isa = PBXBuildFile; productRef = BA95252F245ED78500FFC9E3 /* PufferyUI */; };
		BA952532245ED7A300FFC9E3 /* PufferyKit in Frameworks */ = {isa = PBXBuildFile; productRef = BA952531245ED7A300FFC9E3 /* PufferyKit */; };
		BA952536245EEB6000FFC9E3 /* NotifyChannelIntentHandler.swift in Sources */ = {isa = PBXBuildFile; fileRef = BA952535245EEB6000FFC9E3 /* NotifyChannelIntentHandler.swift */; };
		BA952538245EEDF200FFC9E3 /* Puffery+Intent.swift in Sources */ = {isa = PBXBuildFile; fileRef = BA952537245EEDF200FFC9E3 /* Puffery+Intent.swift */; };
		BAC3D8212494D3E300BF33BF /* ComposableArchitecture in Frameworks */ = {isa = PBXBuildFile; productRef = BAC3D8202494D3E300BF33BF /* ComposableArchitecture */; };
		BAF154642444BB4400EDB97B /* AppDelegate.swift in Sources */ = {isa = PBXBuildFile; fileRef = BAF154632444BB4400EDB97B /* AppDelegate.swift */; };
		BAF154662444BB4400EDB97B /* SceneDelegate.swift in Sources */ = {isa = PBXBuildFile; fileRef = BAF154652444BB4400EDB97B /* SceneDelegate.swift */; };
		BAF154692444BB4400EDB97B /* Puffery.xcdatamodeld in Sources */ = {isa = PBXBuildFile; fileRef = BAF154672444BB4400EDB97B /* Puffery.xcdatamodeld */; };
		BAF1546D2444BB4600EDB97B /* Assets.xcassets in Resources */ = {isa = PBXBuildFile; fileRef = BAF1546C2444BB4600EDB97B /* Assets.xcassets */; };
		BAF154702444BB4600EDB97B /* Preview Assets.xcassets in Resources */ = {isa = PBXBuildFile; fileRef = BAF1546F2444BB4600EDB97B /* Preview Assets.xcassets */; };
		BAF154732444BB4600EDB97B /* LaunchScreen.storyboard in Resources */ = {isa = PBXBuildFile; fileRef = BAF154712444BB4600EDB97B /* LaunchScreen.storyboard */; };
		BAF1547E2444BB4600EDB97B /* PufferyTests.swift in Sources */ = {isa = PBXBuildFile; fileRef = BAF1547D2444BB4600EDB97B /* PufferyTests.swift */; };
		BAF154892444BB4600EDB97B /* PufferyUITests.swift in Sources */ = {isa = PBXBuildFile; fileRef = BAF154882444BB4600EDB97B /* PufferyUITests.swift */; };
		BAF1A1BF24AE54C600EEAE67 /* InfoPlist.strings in Resources */ = {isa = PBXBuildFile; fileRef = BAF1A1C124AE54C600EEAE67 /* InfoPlist.strings */; };
/* End PBXBuildFile section */

/* Begin PBXContainerItemProxy section */
		BA95251F245EC51900FFC9E3 /* PBXContainerItemProxy */ = {
			isa = PBXContainerItemProxy;
			containerPortal = BAF154582444BB4400EDB97B /* Project object */;
			proxyType = 1;
			remoteGlobalIDString = BA952508245EC51900FFC9E3;
			remoteInfo = "Puffery Intents";
		};
		BAF1547A2444BB4600EDB97B /* PBXContainerItemProxy */ = {
			isa = PBXContainerItemProxy;
			containerPortal = BAF154582444BB4400EDB97B /* Project object */;
			proxyType = 1;
			remoteGlobalIDString = BAF1545F2444BB4400EDB97B;
			remoteInfo = Puffery;
		};
		BAF154852444BB4600EDB97B /* PBXContainerItemProxy */ = {
			isa = PBXContainerItemProxy;
			containerPortal = BAF154582444BB4400EDB97B /* Project object */;
			proxyType = 1;
			remoteGlobalIDString = BAF1545F2444BB4400EDB97B;
			remoteInfo = Puffery;
		};
/* End PBXContainerItemProxy section */

/* Begin PBXCopyFilesBuildPhase section */
		BA8E67412469FB93004F05F3 /* Embed Frameworks */ = {
			isa = PBXCopyFilesBuildPhase;
			buildActionMask = 2147483647;
			dstPath = "";
			dstSubfolderSpec = 10;
			files = (
			);
			name = "Embed Frameworks";
			runOnlyForDeploymentPostprocessing = 0;
		};
		BA8E67422469FB93004F05F3 /* Embed Frameworks */ = {
			isa = PBXCopyFilesBuildPhase;
			buildActionMask = 2147483647;
			dstPath = "";
			dstSubfolderSpec = 10;
			files = (
			);
			name = "Embed Frameworks";
			runOnlyForDeploymentPostprocessing = 0;
		};
		BA952522245EC51900FFC9E3 /* Embed App Extensions */ = {
			isa = PBXCopyFilesBuildPhase;
			buildActionMask = 2147483647;
			dstPath = "";
			dstSubfolderSpec = 13;
			files = (
				BA952521245EC51900FFC9E3 /* Puffery Intents.appex in Embed App Extensions */,
			);
			name = "Embed App Extensions";
			runOnlyForDeploymentPostprocessing = 0;
		};
/* End PBXCopyFilesBuildPhase section */

/* Begin PBXFileReference section */
		BA1B71942495205700572516 /* Local.xcconfig */ = {isa = PBXFileReference; lastKnownFileType = text.xcconfig; path = Local.xcconfig; sourceTree = "<group>"; };
		BA1B719A249521B800572516 /* Production.xcconfig */ = {isa = PBXFileReference; lastKnownFileType = text.xcconfig; path = Production.xcconfig; sourceTree = "<group>"; };
		BA231224249C040A00AE13F1 /* ReceivedMessageNotification.apns */ = {isa = PBXFileReference; lastKnownFileType = text; path = ReceivedMessageNotification.apns; sourceTree = "<group>"; };
		BA8F8649245F122D0019B818 /* Puffery Intents.entitlements */ = {isa = PBXFileReference; lastKnownFileType = text.plist.entitlements; path = "Puffery Intents.entitlements"; sourceTree = "<group>"; };
		BA923F2B245EFAA9008BD6C9 /* de */ = {isa = PBXFileReference; lastKnownFileType = text.plist.strings; name = de; path = de.lproj/LaunchScreen.strings; sourceTree = "<group>"; };
		BA923F2E245EFAC0008BD6C9 /* Base */ = {isa = PBXFileReference; lastKnownFileType = file.intentdefinition; name = Base; path = Base.lproj/Intents.intentdefinition; sourceTree = "<group>"; };
		BA923F31245EFACF008BD6C9 /* de */ = {isa = PBXFileReference; lastKnownFileType = text.plist.strings; name = de; path = de.lproj/Intents.strings; sourceTree = "<group>"; };
		BA923F35245EFE94008BD6C9 /* en */ = {isa = PBXFileReference; lastKnownFileType = text.plist.strings; name = en; path = en.lproj/Localizable.strings; sourceTree = "<group>"; };
		BA923F37245EFE9B008BD6C9 /* de */ = {isa = PBXFileReference; lastKnownFileType = text.plist.strings; name = de; path = de.lproj/Localizable.strings; sourceTree = "<group>"; };
		BA94F0C0244BA2E80087924C /* Puffery.entitlements */ = {isa = PBXFileReference; lastKnownFileType = text.plist.entitlements; path = Puffery.entitlements; sourceTree = "<group>"; };
		BA94F0C2244BA4030087924C /* UserNotifications.framework */ = {isa = PBXFileReference; lastKnownFileType = wrapper.framework; name = UserNotifications.framework; path = System/Library/Frameworks/UserNotifications.framework; sourceTree = SDKROOT; };
		BA952509245EC51900FFC9E3 /* Puffery Intents.appex */ = {isa = PBXFileReference; explicitFileType = "wrapper.app-extension"; includeInIndex = 0; path = "Puffery Intents.appex"; sourceTree = BUILT_PRODUCTS_DIR; };
		BA95250B245EC51900FFC9E3 /* IntentHandler.swift */ = {isa = PBXFileReference; lastKnownFileType = sourcecode.swift; path = IntentHandler.swift; sourceTree = "<group>"; };
		BA95250D245EC51900FFC9E3 /* Info.plist */ = {isa = PBXFileReference; lastKnownFileType = text.plist.xml; path = Info.plist; sourceTree = "<group>"; };
		BA952513245EC51900FFC9E3 /* IntentsUI.framework */ = {isa = PBXFileReference; lastKnownFileType = wrapper.framework; name = IntentsUI.framework; path = System/Library/Frameworks/IntentsUI.framework; sourceTree = SDKROOT; };
		BA95252D245ED5EA00FFC9E3 /* ListChannelsIntentHandler.swift */ = {isa = PBXFileReference; lastKnownFileType = sourcecode.swift; path = ListChannelsIntentHandler.swift; sourceTree = "<group>"; };
		BA952533245EE15800FFC9E3 /* Puffery IntentsDebug.entitlements */ = {isa = PBXFileReference; lastKnownFileType = text.plist.entitlements; path = "Puffery IntentsDebug.entitlements"; sourceTree = "<group>"; };
		BA952535245EEB6000FFC9E3 /* NotifyChannelIntentHandler.swift */ = {isa = PBXFileReference; lastKnownFileType = sourcecode.swift; path = NotifyChannelIntentHandler.swift; sourceTree = "<group>"; };
		BA952537245EEDF200FFC9E3 /* Puffery+Intent.swift */ = {isa = PBXFileReference; lastKnownFileType = sourcecode.swift; path = "Puffery+Intent.swift"; sourceTree = "<group>"; };
		BA96015C2452204200667BDD /* Security.framework */ = {isa = PBXFileReference; lastKnownFileType = wrapper.framework; name = Security.framework; path = System/Library/Frameworks/Security.framework; sourceTree = SDKROOT; };
		BAF154602444BB4400EDB97B /* Puffery.app */ = {isa = PBXFileReference; explicitFileType = wrapper.application; includeInIndex = 0; path = Puffery.app; sourceTree = BUILT_PRODUCTS_DIR; };
		BAF154632444BB4400EDB97B /* AppDelegate.swift */ = {isa = PBXFileReference; lastKnownFileType = sourcecode.swift; path = AppDelegate.swift; sourceTree = "<group>"; };
		BAF154652444BB4400EDB97B /* SceneDelegate.swift */ = {isa = PBXFileReference; lastKnownFileType = sourcecode.swift; path = SceneDelegate.swift; sourceTree = "<group>"; };
		BAF154682444BB4400EDB97B /* Puffery.xcdatamodel */ = {isa = PBXFileReference; lastKnownFileType = wrapper.xcdatamodel; path = Puffery.xcdatamodel; sourceTree = "<group>"; };
		BAF1546C2444BB4600EDB97B /* Assets.xcassets */ = {isa = PBXFileReference; lastKnownFileType = folder.assetcatalog; path = Assets.xcassets; sourceTree = "<group>"; };
		BAF1546F2444BB4600EDB97B /* Preview Assets.xcassets */ = {isa = PBXFileReference; lastKnownFileType = folder.assetcatalog; path = "Preview Assets.xcassets"; sourceTree = "<group>"; };
		BAF154722444BB4600EDB97B /* Base */ = {isa = PBXFileReference; lastKnownFileType = file.storyboard; name = Base; path = Base.lproj/LaunchScreen.storyboard; sourceTree = "<group>"; };
		BAF154742444BB4600EDB97B /* Info.plist */ = {isa = PBXFileReference; lastKnownFileType = text.plist.xml; path = Info.plist; sourceTree = "<group>"; };
		BAF154792444BB4600EDB97B /* PufferyTests.xctest */ = {isa = PBXFileReference; explicitFileType = wrapper.cfbundle; includeInIndex = 0; path = PufferyTests.xctest; sourceTree = BUILT_PRODUCTS_DIR; };
		BAF1547D2444BB4600EDB97B /* PufferyTests.swift */ = {isa = PBXFileReference; lastKnownFileType = sourcecode.swift; path = PufferyTests.swift; sourceTree = "<group>"; };
		BAF1547F2444BB4600EDB97B /* Info.plist */ = {isa = PBXFileReference; lastKnownFileType = text.plist.xml; path = Info.plist; sourceTree = "<group>"; };
		BAF154842444BB4600EDB97B /* PufferyUITests.xctest */ = {isa = PBXFileReference; explicitFileType = wrapper.cfbundle; includeInIndex = 0; path = PufferyUITests.xctest; sourceTree = BUILT_PRODUCTS_DIR; };
		BAF154882444BB4600EDB97B /* PufferyUITests.swift */ = {isa = PBXFileReference; lastKnownFileType = sourcecode.swift; path = PufferyUITests.swift; sourceTree = "<group>"; };
		BAF1548A2444BB4600EDB97B /* Info.plist */ = {isa = PBXFileReference; lastKnownFileType = text.plist.xml; path = Info.plist; sourceTree = "<group>"; };
		BAF1A1C024AE54C600EEAE67 /* en */ = {isa = PBXFileReference; lastKnownFileType = text.plist.strings; name = en; path = en.lproj/InfoPlist.strings; sourceTree = "<group>"; };
		BAF1A1C224AE54D000EEAE67 /* de */ = {isa = PBXFileReference; lastKnownFileType = text.plist.strings; name = de; path = de.lproj/InfoPlist.strings; sourceTree = "<group>"; };
/* End PBXFileReference section */

/* Begin PBXFrameworksBuildPhase section */
		BA952506245EC51900FFC9E3 /* Frameworks */ = {
			isa = PBXFrameworksBuildPhase;
			buildActionMask = 2147483647;
			files = (
				BA952532245ED7A300FFC9E3 /* PufferyKit in Frameworks */,
			);
			runOnlyForDeploymentPostprocessing = 0;
		};
		BAF1545D2444BB4400EDB97B /* Frameworks */ = {
			isa = PBXFrameworksBuildPhase;
			buildActionMask = 2147483647;
			files = (
				BA952530245ED78500FFC9E3 /* PufferyUI in Frameworks */,
				BA94F0C3244BA4030087924C /* UserNotifications.framework in Frameworks */,
				BAC3D8212494D3E300BF33BF /* ComposableArchitecture in Frameworks */,
			);
			runOnlyForDeploymentPostprocessing = 0;
		};
		BAF154762444BB4600EDB97B /* Frameworks */ = {
			isa = PBXFrameworksBuildPhase;
			buildActionMask = 2147483647;
			files = (
			);
			runOnlyForDeploymentPostprocessing = 0;
		};
		BAF154812444BB4600EDB97B /* Frameworks */ = {
			isa = PBXFrameworksBuildPhase;
			buildActionMask = 2147483647;
			files = (
			);
			runOnlyForDeploymentPostprocessing = 0;
		};
/* End PBXFrameworksBuildPhase section */

/* Begin PBXGroup section */
		8B4A1F9B4B2830FC515538DA /* Pods */ = {
			isa = PBXGroup;
			children = (
			);
			path = Pods;
			sourceTree = "<group>";
		};
		BA94F0C1244BA4020087924C /* Frameworks */ = {
			isa = PBXGroup;
			children = (
				BA96015C2452204200667BDD /* Security.framework */,
				BA94F0C2244BA4030087924C /* UserNotifications.framework */,
				BA952513245EC51900FFC9E3 /* IntentsUI.framework */,
			);
			name = Frameworks;
			sourceTree = "<group>";
		};
		BA95250A245EC51900FFC9E3 /* Puffery Intents */ = {
			isa = PBXGroup;
			children = (
				BA8F8649245F122D0019B818 /* Puffery Intents.entitlements */,
				BA952533245EE15800FFC9E3 /* Puffery IntentsDebug.entitlements */,
				BA95250B245EC51900FFC9E3 /* IntentHandler.swift */,
				BA952537245EEDF200FFC9E3 /* Puffery+Intent.swift */,
				BA95252D245ED5EA00FFC9E3 /* ListChannelsIntentHandler.swift */,
				BA952535245EEB6000FFC9E3 /* NotifyChannelIntentHandler.swift */,
				BA923F2F245EFAC0008BD6C9 /* Intents.intentdefinition */,
				BA95250D245EC51900FFC9E3 /* Info.plist */,
			);
			path = "Puffery Intents";
			sourceTree = "<group>";
		};
		BAF154572444BB4400EDB97B = {
			isa = PBXGroup;
			children = (
				BA231224249C040A00AE13F1 /* ReceivedMessageNotification.apns */,
				BA1B719A249521B800572516 /* Production.xcconfig */,
				BA1B71942495205700572516 /* Local.xcconfig */,
				BAF154622444BB4400EDB97B /* Puffery */,
				BAF1547C2444BB4600EDB97B /* PufferyTests */,
				BAF154872444BB4600EDB97B /* PufferyUITests */,
				BA95250A245EC51900FFC9E3 /* Puffery Intents */,
				BAF154612444BB4400EDB97B /* Products */,
				BA94F0C1244BA4020087924C /* Frameworks */,
				8B4A1F9B4B2830FC515538DA /* Pods */,
			);
			sourceTree = "<group>";
		};
		BAF154612444BB4400EDB97B /* Products */ = {
			isa = PBXGroup;
			children = (
				BAF154602444BB4400EDB97B /* Puffery.app */,
				BAF154792444BB4600EDB97B /* PufferyTests.xctest */,
				BAF154842444BB4600EDB97B /* PufferyUITests.xctest */,
				BA952509245EC51900FFC9E3 /* Puffery Intents.appex */,
			);
			name = Products;
			sourceTree = "<group>";
		};
		BAF154622444BB4400EDB97B /* Puffery */ = {
			isa = PBXGroup;
			children = (
				BA94F0C0244BA2E80087924C /* Puffery.entitlements */,
				BAF154632444BB4400EDB97B /* AppDelegate.swift */,
				BAF154652444BB4400EDB97B /* SceneDelegate.swift */,
				BAF1546C2444BB4600EDB97B /* Assets.xcassets */,
				BAF154712444BB4600EDB97B /* LaunchScreen.storyboard */,
				BAF154742444BB4600EDB97B /* Info.plist */,
				BAF1A1C124AE54C600EEAE67 /* InfoPlist.strings */,
				BAF154672444BB4400EDB97B /* Puffery.xcdatamodeld */,
				BA923F36245EFE94008BD6C9 /* Localizable.strings */,
				BAF1546E2444BB4600EDB97B /* Preview Content */,
			);
			path = Puffery;
			sourceTree = "<group>";
		};
		BAF1546E2444BB4600EDB97B /* Preview Content */ = {
			isa = PBXGroup;
			children = (
				BAF1546F2444BB4600EDB97B /* Preview Assets.xcassets */,
			);
			path = "Preview Content";
			sourceTree = "<group>";
		};
		BAF1547C2444BB4600EDB97B /* PufferyTests */ = {
			isa = PBXGroup;
			children = (
				BAF1547D2444BB4600EDB97B /* PufferyTests.swift */,
				BAF1547F2444BB4600EDB97B /* Info.plist */,
			);
			path = PufferyTests;
			sourceTree = "<group>";
		};
		BAF154872444BB4600EDB97B /* PufferyUITests */ = {
			isa = PBXGroup;
			children = (
				BAF154882444BB4600EDB97B /* PufferyUITests.swift */,
				BAF1548A2444BB4600EDB97B /* Info.plist */,
			);
			path = PufferyUITests;
			sourceTree = "<group>";
		};
/* End PBXGroup section */

/* Begin PBXNativeTarget section */
		BA952508245EC51900FFC9E3 /* Puffery Intents */ = {
			isa = PBXNativeTarget;
			buildConfigurationList = BA952528245EC51900FFC9E3 /* Build configuration list for PBXNativeTarget "Puffery Intents" */;
			buildPhases = (
				BA952505245EC51900FFC9E3 /* Sources */,
				BA952506245EC51900FFC9E3 /* Frameworks */,
				BA952507245EC51900FFC9E3 /* Resources */,
			);
			buildRules = (
			);
			dependencies = (
			);
			name = "Puffery Intents";
			packageProductDependencies = (
				BA952531245ED7A300FFC9E3 /* PufferyKit */,
			);
			productName = "Puffery Intents";
			productReference = BA952509245EC51900FFC9E3 /* Puffery Intents.appex */;
			productType = "com.apple.product-type.app-extension";
		};
		BAF1545F2444BB4400EDB97B /* Puffery */ = {
			isa = PBXNativeTarget;
			buildConfigurationList = BAF1548D2444BB4600EDB97B /* Build configuration list for PBXNativeTarget "Puffery" */;
			buildPhases = (
				BAF1545C2444BB4400EDB97B /* Sources */,
				BAF1545D2444BB4400EDB97B /* Frameworks */,
				BAF1545E2444BB4400EDB97B /* Resources */,
				BA952522245EC51900FFC9E3 /* Embed App Extensions */,
				BA8E67412469FB93004F05F3 /* Embed Frameworks */,
			);
			buildRules = (
			);
			dependencies = (
				BA952520245EC51900FFC9E3 /* PBXTargetDependency */,
			);
			name = Puffery;
			packageProductDependencies = (
				BA95252F245ED78500FFC9E3 /* PufferyUI */,
				BAC3D8202494D3E300BF33BF /* ComposableArchitecture */,
			);
			productName = Puffery;
			productReference = BAF154602444BB4400EDB97B /* Puffery.app */;
			productType = "com.apple.product-type.application";
		};
		BAF154782444BB4600EDB97B /* PufferyTests */ = {
			isa = PBXNativeTarget;
			buildConfigurationList = BAF154902444BB4600EDB97B /* Build configuration list for PBXNativeTarget "PufferyTests" */;
			buildPhases = (
				BAF154752444BB4600EDB97B /* Sources */,
				BAF154762444BB4600EDB97B /* Frameworks */,
				BAF154772444BB4600EDB97B /* Resources */,
				BA8E67422469FB93004F05F3 /* Embed Frameworks */,
			);
			buildRules = (
			);
			dependencies = (
				BAF1547B2444BB4600EDB97B /* PBXTargetDependency */,
			);
			name = PufferyTests;
			productName = WakeTests;
			productReference = BAF154792444BB4600EDB97B /* PufferyTests.xctest */;
			productType = "com.apple.product-type.bundle.unit-test";
		};
		BAF154832444BB4600EDB97B /* PufferyUITests */ = {
			isa = PBXNativeTarget;
			buildConfigurationList = BAF154932444BB4600EDB97B /* Build configuration list for PBXNativeTarget "PufferyUITests" */;
			buildPhases = (
				BAF154802444BB4600EDB97B /* Sources */,
				BAF154812444BB4600EDB97B /* Frameworks */,
				BAF154822444BB4600EDB97B /* Resources */,
			);
			buildRules = (
			);
			dependencies = (
				BAF154862444BB4600EDB97B /* PBXTargetDependency */,
			);
			name = PufferyUITests;
			productName = WakeUITests;
			productReference = BAF154842444BB4600EDB97B /* PufferyUITests.xctest */;
			productType = "com.apple.product-type.bundle.ui-testing";
		};
/* End PBXNativeTarget section */

/* Begin PBXProject section */
		BAF154582444BB4400EDB97B /* Project object */ = {
			isa = PBXProject;
			attributes = {
				LastSwiftUpdateCheck = 1160;
				LastUpgradeCheck = 1140;
				ORGANIZATIONNAME = "Valentin Knabel";
				TargetAttributes = {
					BA952508245EC51900FFC9E3 = {
						CreatedOnToolsVersion = 11.4.1;
					};
					BAF1545F2444BB4400EDB97B = {
						CreatedOnToolsVersion = 11.4;
					};
					BAF154782444BB4600EDB97B = {
						CreatedOnToolsVersion = 11.4;
						TestTargetID = BAF1545F2444BB4400EDB97B;
					};
					BAF154832444BB4600EDB97B = {
						CreatedOnToolsVersion = 11.4;
						TestTargetID = BAF1545F2444BB4400EDB97B;
					};
				};
			};
			buildConfigurationList = BAF1545B2444BB4400EDB97B /* Build configuration list for PBXProject "Puffery" */;
			compatibilityVersion = "Xcode 9.3";
			developmentRegion = en;
			hasScannedForEncodings = 0;
			knownRegions = (
				en,
				Base,
				de,
			);
			mainGroup = BAF154572444BB4400EDB97B;
			packageReferences = (
				BA96015E2452208C00667BDD /* XCRemoteSwiftPackageReference "keychain-swift" */,
				BA8E673A2469FB93004F05F3 /* XCRemoteSwiftPackageReference "swift-composable-architecture" */,
			);
			productRefGroup = BAF154612444BB4400EDB97B /* Products */;
			projectDirPath = "";
			projectRoot = "";
			targets = (
				BAF1545F2444BB4400EDB97B /* Puffery */,
				BAF154782444BB4600EDB97B /* PufferyTests */,
				BAF154832444BB4600EDB97B /* PufferyUITests */,
				BA952508245EC51900FFC9E3 /* Puffery Intents */,
			);
		};
/* End PBXProject section */

/* Begin PBXResourcesBuildPhase section */
		BA952507245EC51900FFC9E3 /* Resources */ = {
			isa = PBXResourcesBuildPhase;
			buildActionMask = 2147483647;
			files = (
			);
			runOnlyForDeploymentPostprocessing = 0;
		};
		BAF1545E2444BB4400EDB97B /* Resources */ = {
			isa = PBXResourcesBuildPhase;
			buildActionMask = 2147483647;
			files = (
				BA231225249C040A00AE13F1 /* ReceivedMessageNotification.apns in Resources */,
				BAF1A1BF24AE54C600EEAE67 /* InfoPlist.strings in Resources */,
				BAF154732444BB4600EDB97B /* LaunchScreen.storyboard in Resources */,
				BA923F34245EFE94008BD6C9 /* Localizable.strings in Resources */,
				BAF154702444BB4600EDB97B /* Preview Assets.xcassets in Resources */,
				BAF1546D2444BB4600EDB97B /* Assets.xcassets in Resources */,
			);
			runOnlyForDeploymentPostprocessing = 0;
		};
		BAF154772444BB4600EDB97B /* Resources */ = {
			isa = PBXResourcesBuildPhase;
			buildActionMask = 2147483647;
			files = (
			);
			runOnlyForDeploymentPostprocessing = 0;
		};
		BAF154822444BB4600EDB97B /* Resources */ = {
			isa = PBXResourcesBuildPhase;
			buildActionMask = 2147483647;
			files = (
			);
			runOnlyForDeploymentPostprocessing = 0;
		};
/* End PBXResourcesBuildPhase section */

/* Begin PBXSourcesBuildPhase section */
		BA952505245EC51900FFC9E3 /* Sources */ = {
			isa = PBXSourcesBuildPhase;
			buildActionMask = 2147483647;
			files = (
				BA923F2D245EFAC0008BD6C9 /* Intents.intentdefinition in Sources */,
				BA95252E245ED5EA00FFC9E3 /* ListChannelsIntentHandler.swift in Sources */,
				BA952536245EEB6000FFC9E3 /* NotifyChannelIntentHandler.swift in Sources */,
				BA95250C245EC51900FFC9E3 /* IntentHandler.swift in Sources */,
				BA952538245EEDF200FFC9E3 /* Puffery+Intent.swift in Sources */,
			);
			runOnlyForDeploymentPostprocessing = 0;
		};
		BAF1545C2444BB4400EDB97B /* Sources */ = {
			isa = PBXSourcesBuildPhase;
			buildActionMask = 2147483647;
			files = (
				BAF154642444BB4400EDB97B /* AppDelegate.swift in Sources */,
				BAF154692444BB4400EDB97B /* Puffery.xcdatamodeld in Sources */,
				BA923F2C245EFAC0008BD6C9 /* Intents.intentdefinition in Sources */,
				BAF154662444BB4400EDB97B /* SceneDelegate.swift in Sources */,
			);
			runOnlyForDeploymentPostprocessing = 0;
		};
		BAF154752444BB4600EDB97B /* Sources */ = {
			isa = PBXSourcesBuildPhase;
			buildActionMask = 2147483647;
			files = (
				BAF1547E2444BB4600EDB97B /* PufferyTests.swift in Sources */,
			);
			runOnlyForDeploymentPostprocessing = 0;
		};
		BAF154802444BB4600EDB97B /* Sources */ = {
			isa = PBXSourcesBuildPhase;
			buildActionMask = 2147483647;
			files = (
				BAF154892444BB4600EDB97B /* PufferyUITests.swift in Sources */,
			);
			runOnlyForDeploymentPostprocessing = 0;
		};
/* End PBXSourcesBuildPhase section */

/* Begin PBXTargetDependency section */
		BA952520245EC51900FFC9E3 /* PBXTargetDependency */ = {
			isa = PBXTargetDependency;
			platformFilter = ios;
			target = BA952508245EC51900FFC9E3 /* Puffery Intents */;
			targetProxy = BA95251F245EC51900FFC9E3 /* PBXContainerItemProxy */;
		};
		BAF1547B2444BB4600EDB97B /* PBXTargetDependency */ = {
			isa = PBXTargetDependency;
			target = BAF1545F2444BB4400EDB97B /* Puffery */;
			targetProxy = BAF1547A2444BB4600EDB97B /* PBXContainerItemProxy */;
		};
		BAF154862444BB4600EDB97B /* PBXTargetDependency */ = {
			isa = PBXTargetDependency;
			target = BAF1545F2444BB4400EDB97B /* Puffery */;
			targetProxy = BAF154852444BB4600EDB97B /* PBXContainerItemProxy */;
		};
/* End PBXTargetDependency section */

/* Begin PBXVariantGroup section */
		BA923F2F245EFAC0008BD6C9 /* Intents.intentdefinition */ = {
			isa = PBXVariantGroup;
			children = (
				BA923F2E245EFAC0008BD6C9 /* Base */,
				BA923F31245EFACF008BD6C9 /* de */,
			);
			name = Intents.intentdefinition;
			sourceTree = "<group>";
		};
		BA923F36245EFE94008BD6C9 /* Localizable.strings */ = {
			isa = PBXVariantGroup;
			children = (
				BA923F35245EFE94008BD6C9 /* en */,
				BA923F37245EFE9B008BD6C9 /* de */,
			);
			name = Localizable.strings;
			sourceTree = "<group>";
		};
		BAF154712444BB4600EDB97B /* LaunchScreen.storyboard */ = {
			isa = PBXVariantGroup;
			children = (
				BAF154722444BB4600EDB97B /* Base */,
				BA923F2B245EFAA9008BD6C9 /* de */,
			);
			name = LaunchScreen.storyboard;
			sourceTree = "<group>";
		};
		BAF1A1C124AE54C600EEAE67 /* InfoPlist.strings */ = {
			isa = PBXVariantGroup;
			children = (
				BAF1A1C024AE54C600EEAE67 /* en */,
				BAF1A1C224AE54D000EEAE67 /* de */,
			);
			name = InfoPlist.strings;
			sourceTree = "<group>";
		};
/* End PBXVariantGroup section */

/* Begin XCBuildConfiguration section */
		BA1B71952495210F00572516 /* Local Debug */ = {
			isa = XCBuildConfiguration;
			baseConfigurationReference = BA1B71942495205700572516 /* Local.xcconfig */;
			buildSettings = {
				ALWAYS_SEARCH_USER_PATHS = NO;
				CLANG_ANALYZER_LOCALIZABILITY_NONLOCALIZED = YES;
				CLANG_ANALYZER_NONNULL = YES;
				CLANG_ANALYZER_NUMBER_OBJECT_CONVERSION = YES_AGGRESSIVE;
				CLANG_CXX_LANGUAGE_STANDARD = "gnu++14";
				CLANG_CXX_LIBRARY = "libc++";
				CLANG_ENABLE_MODULES = YES;
				CLANG_ENABLE_OBJC_ARC = YES;
				CLANG_ENABLE_OBJC_WEAK = YES;
				CLANG_WARN_BLOCK_CAPTURE_AUTORELEASING = YES;
				CLANG_WARN_BOOL_CONVERSION = YES;
				CLANG_WARN_COMMA = YES;
				CLANG_WARN_CONSTANT_CONVERSION = YES;
				CLANG_WARN_DEPRECATED_OBJC_IMPLEMENTATIONS = YES;
				CLANG_WARN_DIRECT_OBJC_ISA_USAGE = YES_ERROR;
				CLANG_WARN_DOCUMENTATION_COMMENTS = YES;
				CLANG_WARN_EMPTY_BODY = YES;
				CLANG_WARN_ENUM_CONVERSION = YES;
				CLANG_WARN_INFINITE_RECURSION = YES;
				CLANG_WARN_INT_CONVERSION = YES;
				CLANG_WARN_NON_LITERAL_NULL_CONVERSION = YES;
				CLANG_WARN_OBJC_IMPLICIT_RETAIN_SELF = YES;
				CLANG_WARN_OBJC_LITERAL_CONVERSION = YES;
				CLANG_WARN_OBJC_ROOT_CLASS = YES_ERROR;
				CLANG_WARN_RANGE_LOOP_ANALYSIS = YES;
				CLANG_WARN_STRICT_PROTOTYPES = YES;
				CLANG_WARN_SUSPICIOUS_MOVE = YES;
				CLANG_WARN_UNGUARDED_AVAILABILITY = YES_AGGRESSIVE;
				CLANG_WARN_UNREACHABLE_CODE = YES;
				CLANG_WARN__DUPLICATE_METHOD_MATCH = YES;
				COPY_PHASE_STRIP = NO;
				DEBUG_INFORMATION_FORMAT = dwarf;
				ENABLE_STRICT_OBJC_MSGSEND = YES;
				ENABLE_TESTABILITY = YES;
				GCC_C_LANGUAGE_STANDARD = gnu11;
				GCC_DYNAMIC_NO_PIC = NO;
				GCC_NO_COMMON_BLOCKS = YES;
				GCC_OPTIMIZATION_LEVEL = 0;
				GCC_PREPROCESSOR_DEFINITIONS = (
					"DEBUG=1",
					"$(inherited)",
				);
				GCC_WARN_64_TO_32_BIT_CONVERSION = YES;
				GCC_WARN_ABOUT_RETURN_TYPE = YES_ERROR;
				GCC_WARN_UNDECLARED_SELECTOR = YES;
				GCC_WARN_UNINITIALIZED_AUTOS = YES_AGGRESSIVE;
				GCC_WARN_UNUSED_FUNCTION = YES;
				GCC_WARN_UNUSED_VARIABLE = YES;
				IPHONEOS_DEPLOYMENT_TARGET = 13.0;
				MTL_ENABLE_DEBUG_INFO = INCLUDE_SOURCE;
				MTL_FAST_MATH = YES;
				ONLY_ACTIVE_ARCH = YES;
				SDKROOT = iphoneos;
				SWIFT_ACTIVE_COMPILATION_CONDITIONS = DEBUG;
				SWIFT_OPTIMIZATION_LEVEL = "-Onone";
			};
			name = "Local Debug";
		};
		BA1B71962495210F00572516 /* Local Debug */ = {
			isa = XCBuildConfiguration;
			buildSettings = {
				ALWAYS_EMBED_SWIFT_STANDARD_LIBRARIES = YES;
				ASSETCATALOG_COMPILER_APPICON_NAME = AppIcon;
				CODE_SIGN_ENTITLEMENTS = Puffery/PufferyDebug.entitlements;
				CODE_SIGN_IDENTITY = "Apple Development";
				CODE_SIGN_STYLE = Automatic;
				CURRENT_PROJECT_VERSION = Automatic;
				DEVELOPMENT_ASSET_PATHS = "\"Puffery/Preview Content\"";
				DEVELOPMENT_TEAM = BG9UY79792;
				ENABLE_PREVIEWS = YES;
				INFOPLIST_FILE = Puffery/Info.plist;
				IPHONEOS_DEPLOYMENT_TARGET = 13.0;
				LD_RUNPATH_SEARCH_PATHS = (
					"$(inherited)",
					"@executable_path/Frameworks",
				);
				MARKETING_VERSION = 1.1.0;
				PRODUCT_BUNDLE_IDENTIFIER = com.vknabel.puffery;
				PRODUCT_NAME = "$(TARGET_NAME)";
				PROVISIONING_PROFILE_SPECIFIER = "";
				SUPPORTS_MACCATALYST = NO;
				SWIFT_VERSION = 5.0;
				TARGETED_DEVICE_FAMILY = "1,2";
			};
			name = "Local Debug";
		};
		BA1B71972495210F00572516 /* Local Debug */ = {
			isa = XCBuildConfiguration;
			buildSettings = {
				ALWAYS_EMBED_SWIFT_STANDARD_LIBRARIES = YES;
				BUNDLE_LOADER = "$(TEST_HOST)";
				CODE_SIGN_STYLE = Automatic;
				DEVELOPMENT_TEAM = BG9UY79792;
				INFOPLIST_FILE = PufferyTests/Info.plist;
				IPHONEOS_DEPLOYMENT_TARGET = 13.4;
				LD_RUNPATH_SEARCH_PATHS = (
					"$(inherited)",
					"@executable_path/Frameworks",
					"@loader_path/Frameworks",
				);
				PRODUCT_BUNDLE_IDENTIFIER = com.vknabel.WakeTests;
				PRODUCT_NAME = "$(TARGET_NAME)";
				SWIFT_VERSION = 5.0;
				TARGETED_DEVICE_FAMILY = "1,2";
				TEST_HOST = "$(BUILT_PRODUCTS_DIR)/Puffery.app/Puffery";
			};
			name = "Local Debug";
		};
		BA1B71982495210F00572516 /* Local Debug */ = {
			isa = XCBuildConfiguration;
			buildSettings = {
				ALWAYS_EMBED_SWIFT_STANDARD_LIBRARIES = YES;
				CODE_SIGN_STYLE = Automatic;
				DEVELOPMENT_TEAM = BG9UY79792;
				INFOPLIST_FILE = PufferyUITests/Info.plist;
				LD_RUNPATH_SEARCH_PATHS = (
					"$(inherited)",
					"@executable_path/Frameworks",
					"@loader_path/Frameworks",
				);
				PRODUCT_BUNDLE_IDENTIFIER = com.vknabel.WakeUITests;
				PRODUCT_NAME = "$(TARGET_NAME)";
				SWIFT_VERSION = 5.0;
				TARGETED_DEVICE_FAMILY = "1,2";
				TEST_TARGET_NAME = Puffery;
			};
			name = "Local Debug";
		};
		BA1B71992495210F00572516 /* Local Debug */ = {
			isa = XCBuildConfiguration;
			buildSettings = {
				CODE_SIGN_ENTITLEMENTS = "Puffery Intents/Puffery IntentsDebug.entitlements";
				CODE_SIGN_IDENTITY = "Apple Development";
				CODE_SIGN_STYLE = Automatic;
				CURRENT_PROJECT_VERSION = Automatic;
				DEVELOPMENT_TEAM = BG9UY79792;
				INFOPLIST_FILE = "Puffery Intents/Info.plist";
				IPHONEOS_DEPLOYMENT_TARGET = 13.4;
				LD_RUNPATH_SEARCH_PATHS = (
					"$(inherited)",
					"@executable_path/Frameworks",
					"@executable_path/../../Frameworks",
				);
				MARKETING_VERSION = 1.0.2;
				PRODUCT_BUNDLE_IDENTIFIER = "com.vknabel.puffery.Puffery-Intents";
				PRODUCT_NAME = "$(TARGET_NAME)";
				SKIP_INSTALL = YES;
				SUPPORTS_MACCATALYST = NO;
				SWIFT_VERSION = 5.0;
				TARGETED_DEVICE_FAMILY = "1,2";
			};
			name = "Local Debug";
		};
		BA952523245EC51900FFC9E3 /* Debug */ = {
			isa = XCBuildConfiguration;
			buildSettings = {
				CODE_SIGN_ENTITLEMENTS = "Puffery Intents/Puffery IntentsDebug.entitlements";
				CODE_SIGN_IDENTITY = "Apple Development";
				CODE_SIGN_STYLE = Automatic;
				CURRENT_PROJECT_VERSION = Automatic;
				DEVELOPMENT_TEAM = BG9UY79792;
				INFOPLIST_FILE = "Puffery Intents/Info.plist";
				IPHONEOS_DEPLOYMENT_TARGET = 13.4;
				LD_RUNPATH_SEARCH_PATHS = (
					"$(inherited)",
					"@executable_path/Frameworks",
					"@executable_path/../../Frameworks",
				);
				MARKETING_VERSION = 1.0.2;
				PRODUCT_BUNDLE_IDENTIFIER = "com.vknabel.puffery.Puffery-Intents";
				PRODUCT_NAME = "$(TARGET_NAME)";
				SKIP_INSTALL = YES;
				SUPPORTS_MACCATALYST = NO;
				SWIFT_VERSION = 5.0;
				TARGETED_DEVICE_FAMILY = "1,2";
			};
			name = Debug;
		};
		BA952524245EC51900FFC9E3 /* Release */ = {
			isa = XCBuildConfiguration;
			buildSettings = {
				CODE_SIGN_ENTITLEMENTS = "Puffery Intents/Puffery Intents.entitlements";
				CODE_SIGN_IDENTITY = "iPhone Distribution";
				CODE_SIGN_STYLE = Manual;
				CURRENT_PROJECT_VERSION = Automatic;
				DEVELOPMENT_TEAM = BG9UY79792;
				INFOPLIST_FILE = "Puffery Intents/Info.plist";
				IPHONEOS_DEPLOYMENT_TARGET = 13.4;
				LD_RUNPATH_SEARCH_PATHS = (
					"$(inherited)",
					"@executable_path/Frameworks",
					"@executable_path/../../Frameworks",
				);
				MARKETING_VERSION = 1.0.2;
				PRODUCT_BUNDLE_IDENTIFIER = "com.vknabel.puffery.Puffery-Intents";
				PRODUCT_NAME = "$(TARGET_NAME)";
				PROVISIONING_PROFILE_SPECIFIER = "Puffery Intents App Store";
				SKIP_INSTALL = YES;
				SUPPORTS_MACCATALYST = NO;
				SWIFT_VERSION = 5.0;
				TARGETED_DEVICE_FAMILY = "1,2";
			};
			name = Release;
		};
		BAF1548B2444BB4600EDB97B /* Debug */ = {
			isa = XCBuildConfiguration;
			baseConfigurationReference = BA1B719A249521B800572516 /* Production.xcconfig */;
			buildSettings = {
				ALWAYS_SEARCH_USER_PATHS = NO;
				CLANG_ANALYZER_LOCALIZABILITY_NONLOCALIZED = YES;
				CLANG_ANALYZER_NONNULL = YES;
				CLANG_ANALYZER_NUMBER_OBJECT_CONVERSION = YES_AGGRESSIVE;
				CLANG_CXX_LANGUAGE_STANDARD = "gnu++14";
				CLANG_CXX_LIBRARY = "libc++";
				CLANG_ENABLE_MODULES = YES;
				CLANG_ENABLE_OBJC_ARC = YES;
				CLANG_ENABLE_OBJC_WEAK = YES;
				CLANG_WARN_BLOCK_CAPTURE_AUTORELEASING = YES;
				CLANG_WARN_BOOL_CONVERSION = YES;
				CLANG_WARN_COMMA = YES;
				CLANG_WARN_CONSTANT_CONVERSION = YES;
				CLANG_WARN_DEPRECATED_OBJC_IMPLEMENTATIONS = YES;
				CLANG_WARN_DIRECT_OBJC_ISA_USAGE = YES_ERROR;
				CLANG_WARN_DOCUMENTATION_COMMENTS = YES;
				CLANG_WARN_EMPTY_BODY = YES;
				CLANG_WARN_ENUM_CONVERSION = YES;
				CLANG_WARN_INFINITE_RECURSION = YES;
				CLANG_WARN_INT_CONVERSION = YES;
				CLANG_WARN_NON_LITERAL_NULL_CONVERSION = YES;
				CLANG_WARN_OBJC_IMPLICIT_RETAIN_SELF = YES;
				CLANG_WARN_OBJC_LITERAL_CONVERSION = YES;
				CLANG_WARN_OBJC_ROOT_CLASS = YES_ERROR;
				CLANG_WARN_RANGE_LOOP_ANALYSIS = YES;
				CLANG_WARN_STRICT_PROTOTYPES = YES;
				CLANG_WARN_SUSPICIOUS_MOVE = YES;
				CLANG_WARN_UNGUARDED_AVAILABILITY = YES_AGGRESSIVE;
				CLANG_WARN_UNREACHABLE_CODE = YES;
				CLANG_WARN__DUPLICATE_METHOD_MATCH = YES;
				COPY_PHASE_STRIP = NO;
				DEBUG_INFORMATION_FORMAT = dwarf;
				ENABLE_STRICT_OBJC_MSGSEND = YES;
				ENABLE_TESTABILITY = YES;
				GCC_C_LANGUAGE_STANDARD = gnu11;
				GCC_DYNAMIC_NO_PIC = NO;
				GCC_NO_COMMON_BLOCKS = YES;
				GCC_OPTIMIZATION_LEVEL = 0;
				GCC_PREPROCESSOR_DEFINITIONS = (
					"DEBUG=1",
					"$(inherited)",
				);
				GCC_WARN_64_TO_32_BIT_CONVERSION = YES;
				GCC_WARN_ABOUT_RETURN_TYPE = YES_ERROR;
				GCC_WARN_UNDECLARED_SELECTOR = YES;
				GCC_WARN_UNINITIALIZED_AUTOS = YES_AGGRESSIVE;
				GCC_WARN_UNUSED_FUNCTION = YES;
				GCC_WARN_UNUSED_VARIABLE = YES;
				IPHONEOS_DEPLOYMENT_TARGET = 13.0;
				MTL_ENABLE_DEBUG_INFO = INCLUDE_SOURCE;
				MTL_FAST_MATH = YES;
				ONLY_ACTIVE_ARCH = YES;
				SDKROOT = iphoneos;
				SWIFT_ACTIVE_COMPILATION_CONDITIONS = DEBUG;
				SWIFT_OPTIMIZATION_LEVEL = "-Onone";
			};
			name = Debug;
		};
		BAF1548C2444BB4600EDB97B /* Release */ = {
			isa = XCBuildConfiguration;
			baseConfigurationReference = BA1B719A249521B800572516 /* Production.xcconfig */;
			buildSettings = {
				ALWAYS_SEARCH_USER_PATHS = NO;
				CLANG_ANALYZER_LOCALIZABILITY_NONLOCALIZED = YES;
				CLANG_ANALYZER_NONNULL = YES;
				CLANG_ANALYZER_NUMBER_OBJECT_CONVERSION = YES_AGGRESSIVE;
				CLANG_CXX_LANGUAGE_STANDARD = "gnu++14";
				CLANG_CXX_LIBRARY = "libc++";
				CLANG_ENABLE_MODULES = YES;
				CLANG_ENABLE_OBJC_ARC = YES;
				CLANG_ENABLE_OBJC_WEAK = YES;
				CLANG_WARN_BLOCK_CAPTURE_AUTORELEASING = YES;
				CLANG_WARN_BOOL_CONVERSION = YES;
				CLANG_WARN_COMMA = YES;
				CLANG_WARN_CONSTANT_CONVERSION = YES;
				CLANG_WARN_DEPRECATED_OBJC_IMPLEMENTATIONS = YES;
				CLANG_WARN_DIRECT_OBJC_ISA_USAGE = YES_ERROR;
				CLANG_WARN_DOCUMENTATION_COMMENTS = YES;
				CLANG_WARN_EMPTY_BODY = YES;
				CLANG_WARN_ENUM_CONVERSION = YES;
				CLANG_WARN_INFINITE_RECURSION = YES;
				CLANG_WARN_INT_CONVERSION = YES;
				CLANG_WARN_NON_LITERAL_NULL_CONVERSION = YES;
				CLANG_WARN_OBJC_IMPLICIT_RETAIN_SELF = YES;
				CLANG_WARN_OBJC_LITERAL_CONVERSION = YES;
				CLANG_WARN_OBJC_ROOT_CLASS = YES_ERROR;
				CLANG_WARN_RANGE_LOOP_ANALYSIS = YES;
				CLANG_WARN_STRICT_PROTOTYPES = YES;
				CLANG_WARN_SUSPICIOUS_MOVE = YES;
				CLANG_WARN_UNGUARDED_AVAILABILITY = YES_AGGRESSIVE;
				CLANG_WARN_UNREACHABLE_CODE = YES;
				CLANG_WARN__DUPLICATE_METHOD_MATCH = YES;
				COPY_PHASE_STRIP = NO;
				DEBUG_INFORMATION_FORMAT = "dwarf-with-dsym";
				ENABLE_NS_ASSERTIONS = NO;
				ENABLE_STRICT_OBJC_MSGSEND = YES;
				GCC_C_LANGUAGE_STANDARD = gnu11;
				GCC_NO_COMMON_BLOCKS = YES;
				GCC_WARN_64_TO_32_BIT_CONVERSION = YES;
				GCC_WARN_ABOUT_RETURN_TYPE = YES_ERROR;
				GCC_WARN_UNDECLARED_SELECTOR = YES;
				GCC_WARN_UNINITIALIZED_AUTOS = YES_AGGRESSIVE;
				GCC_WARN_UNUSED_FUNCTION = YES;
				GCC_WARN_UNUSED_VARIABLE = YES;
				IPHONEOS_DEPLOYMENT_TARGET = 13.0;
				MTL_ENABLE_DEBUG_INFO = NO;
				MTL_FAST_MATH = YES;
				SDKROOT = iphoneos;
				SWIFT_COMPILATION_MODE = wholemodule;
				SWIFT_OPTIMIZATION_LEVEL = "-O";
				VALIDATE_PRODUCT = YES;
			};
			name = Release;
		};
		BAF1548E2444BB4600EDB97B /* Debug */ = {
			isa = XCBuildConfiguration;
			buildSettings = {
				ALWAYS_EMBED_SWIFT_STANDARD_LIBRARIES = YES;
				ASSETCATALOG_COMPILER_APPICON_NAME = AppIcon;
				CODE_SIGN_ENTITLEMENTS = Puffery/PufferyDebug.entitlements;
				CODE_SIGN_IDENTITY = "Apple Development";
				CODE_SIGN_STYLE = Automatic;
				CURRENT_PROJECT_VERSION = Automatic;
				DEVELOPMENT_ASSET_PATHS = "\"Puffery/Preview Content\"";
				DEVELOPMENT_TEAM = BG9UY79792;
				ENABLE_PREVIEWS = YES;
				INFOPLIST_FILE = Puffery/Info.plist;
				IPHONEOS_DEPLOYMENT_TARGET = 13.0;
				LD_RUNPATH_SEARCH_PATHS = (
					"$(inherited)",
					"@executable_path/Frameworks",
				);
				MARKETING_VERSION = 1.1.0;
				PRODUCT_BUNDLE_IDENTIFIER = com.vknabel.puffery;
				PRODUCT_NAME = "$(TARGET_NAME)";
				PROVISIONING_PROFILE_SPECIFIER = "";
				SUPPORTS_MACCATALYST = NO;
				SWIFT_VERSION = 5.0;
				TARGETED_DEVICE_FAMILY = "1,2";
			};
			name = Debug;
		};
		BAF1548F2444BB4600EDB97B /* Release */ = {
			isa = XCBuildConfiguration;
			buildSettings = {
				ALWAYS_EMBED_SWIFT_STANDARD_LIBRARIES = YES;
				ASSETCATALOG_COMPILER_APPICON_NAME = AppIcon;
				CODE_SIGN_ENTITLEMENTS = Puffery/Puffery.entitlements;
				CODE_SIGN_IDENTITY = "iPhone Distribution";
				"CODE_SIGN_IDENTITY[sdk=macosx*]" = "Apple Distribution";
				CODE_SIGN_STYLE = Manual;
				CURRENT_PROJECT_VERSION = Automatic;
				DEVELOPMENT_ASSET_PATHS = "\"Puffery/Preview Content\"";
				DEVELOPMENT_TEAM = BG9UY79792;
				ENABLE_PREVIEWS = YES;
				INFOPLIST_FILE = Puffery/Info.plist;
				IPHONEOS_DEPLOYMENT_TARGET = 13.0;
				LD_RUNPATH_SEARCH_PATHS = (
					"$(inherited)",
					"@executable_path/Frameworks",
				);
				MARKETING_VERSION = 1.1.0;
				PRODUCT_BUNDLE_IDENTIFIER = com.vknabel.puffery;
				"PRODUCT_BUNDLE_IDENTIFIER[sdk=macosx*]" = maccatalyst.com.vknabel.puffery;
				PRODUCT_NAME = "$(TARGET_NAME)";
				PROVISIONING_PROFILE_SPECIFIER = "Puffery App Store";
				"PROVISIONING_PROFILE_SPECIFIER[sdk=macosx*]" = "Puffery Mac App Store (Catalyst)";
				SUPPORTS_MACCATALYST = NO;
				SWIFT_VERSION = 5.0;
				TARGETED_DEVICE_FAMILY = "1,2";
			};
			name = Release;
		};
		BAF154912444BB4600EDB97B /* Debug */ = {
			isa = XCBuildConfiguration;
			buildSettings = {
				ALWAYS_EMBED_SWIFT_STANDARD_LIBRARIES = YES;
				BUNDLE_LOADER = "$(TEST_HOST)";
				CODE_SIGN_STYLE = Automatic;
				DEVELOPMENT_TEAM = BG9UY79792;
				INFOPLIST_FILE = PufferyTests/Info.plist;
				IPHONEOS_DEPLOYMENT_TARGET = 13.4;
				LD_RUNPATH_SEARCH_PATHS = (
					"$(inherited)",
					"@executable_path/Frameworks",
					"@loader_path/Frameworks",
				);
				PRODUCT_BUNDLE_IDENTIFIER = com.vknabel.WakeTests;
				PRODUCT_NAME = "$(TARGET_NAME)";
				SWIFT_VERSION = 5.0;
				TARGETED_DEVICE_FAMILY = "1,2";
				TEST_HOST = "$(BUILT_PRODUCTS_DIR)/Puffery.app/Puffery";
			};
			name = Debug;
		};
		BAF154922444BB4600EDB97B /* Release */ = {
			isa = XCBuildConfiguration;
			buildSettings = {
				ALWAYS_EMBED_SWIFT_STANDARD_LIBRARIES = YES;
				BUNDLE_LOADER = "$(TEST_HOST)";
				CODE_SIGN_STYLE = Automatic;
				DEVELOPMENT_TEAM = BG9UY79792;
				INFOPLIST_FILE = PufferyTests/Info.plist;
				IPHONEOS_DEPLOYMENT_TARGET = 13.4;
				LD_RUNPATH_SEARCH_PATHS = (
					"$(inherited)",
					"@executable_path/Frameworks",
					"@loader_path/Frameworks",
				);
				PRODUCT_BUNDLE_IDENTIFIER = com.vknabel.WakeTests;
				PRODUCT_NAME = "$(TARGET_NAME)";
				SWIFT_VERSION = 5.0;
				TARGETED_DEVICE_FAMILY = "1,2";
				TEST_HOST = "$(BUILT_PRODUCTS_DIR)/Puffery.app/Puffery";
			};
			name = Release;
		};
		BAF154942444BB4600EDB97B /* Debug */ = {
			isa = XCBuildConfiguration;
			buildSettings = {
				ALWAYS_EMBED_SWIFT_STANDARD_LIBRARIES = YES;
				CODE_SIGN_STYLE = Automatic;
				DEVELOPMENT_TEAM = BG9UY79792;
				INFOPLIST_FILE = PufferyUITests/Info.plist;
				LD_RUNPATH_SEARCH_PATHS = (
					"$(inherited)",
					"@executable_path/Frameworks",
					"@loader_path/Frameworks",
				);
				PRODUCT_BUNDLE_IDENTIFIER = com.vknabel.WakeUITests;
				PRODUCT_NAME = "$(TARGET_NAME)";
				SWIFT_VERSION = 5.0;
				TARGETED_DEVICE_FAMILY = "1,2";
				TEST_TARGET_NAME = Puffery;
			};
			name = Debug;
		};
		BAF154952444BB4600EDB97B /* Release */ = {
			isa = XCBuildConfiguration;
			buildSettings = {
				ALWAYS_EMBED_SWIFT_STANDARD_LIBRARIES = YES;
				CODE_SIGN_STYLE = Automatic;
				DEVELOPMENT_TEAM = BG9UY79792;
				INFOPLIST_FILE = PufferyUITests/Info.plist;
				LD_RUNPATH_SEARCH_PATHS = (
					"$(inherited)",
					"@executable_path/Frameworks",
					"@loader_path/Frameworks",
				);
				PRODUCT_BUNDLE_IDENTIFIER = com.vknabel.WakeUITests;
				PRODUCT_NAME = "$(TARGET_NAME)";
				SWIFT_VERSION = 5.0;
				TARGETED_DEVICE_FAMILY = "1,2";
				TEST_TARGET_NAME = Puffery;
			};
			name = Release;
		};
/* End XCBuildConfiguration section */

/* Begin XCConfigurationList section */
		BA952528245EC51900FFC9E3 /* Build configuration list for PBXNativeTarget "Puffery Intents" */ = {
			isa = XCConfigurationList;
			buildConfigurations = (
				BA952523245EC51900FFC9E3 /* Debug */,
				BA1B71992495210F00572516 /* Local Debug */,
				BA952524245EC51900FFC9E3 /* Release */,
			);
			defaultConfigurationIsVisible = 0;
			defaultConfigurationName = Release;
		};
		BAF1545B2444BB4400EDB97B /* Build configuration list for PBXProject "Puffery" */ = {
			isa = XCConfigurationList;
			buildConfigurations = (
				BAF1548B2444BB4600EDB97B /* Debug */,
				BA1B71952495210F00572516 /* Local Debug */,
				BAF1548C2444BB4600EDB97B /* Release */,
			);
			defaultConfigurationIsVisible = 0;
			defaultConfigurationName = Release;
		};
		BAF1548D2444BB4600EDB97B /* Build configuration list for PBXNativeTarget "Puffery" */ = {
			isa = XCConfigurationList;
			buildConfigurations = (
				BAF1548E2444BB4600EDB97B /* Debug */,
				BA1B71962495210F00572516 /* Local Debug */,
				BAF1548F2444BB4600EDB97B /* Release */,
			);
			defaultConfigurationIsVisible = 0;
			defaultConfigurationName = Release;
		};
		BAF154902444BB4600EDB97B /* Build configuration list for PBXNativeTarget "PufferyTests" */ = {
			isa = XCConfigurationList;
			buildConfigurations = (
				BAF154912444BB4600EDB97B /* Debug */,
				BA1B71972495210F00572516 /* Local Debug */,
				BAF154922444BB4600EDB97B /* Release */,
			);
			defaultConfigurationIsVisible = 0;
			defaultConfigurationName = Release;
		};
		BAF154932444BB4600EDB97B /* Build configuration list for PBXNativeTarget "PufferyUITests" */ = {
			isa = XCConfigurationList;
			buildConfigurations = (
				BAF154942444BB4600EDB97B /* Debug */,
				BA1B71982495210F00572516 /* Local Debug */,
				BAF154952444BB4600EDB97B /* Release */,
			);
			defaultConfigurationIsVisible = 0;
			defaultConfigurationName = Release;
		};
/* End XCConfigurationList section */

/* Begin XCRemoteSwiftPackageReference section */
		BA8E673A2469FB93004F05F3 /* XCRemoteSwiftPackageReference "swift-composable-architecture" */ = {
			isa = XCRemoteSwiftPackageReference;
			repositoryURL = "https://github.com/pointfreeco/swift-composable-architecture.git";
			requirement = {
				kind = upToNextMajorVersion;
				minimumVersion = 0.1.2;
			};
		};
		BA96015E2452208C00667BDD /* XCRemoteSwiftPackageReference "keychain-swift" */ = {
			isa = XCRemoteSwiftPackageReference;
			repositoryURL = "https://github.com/evgenyneu/keychain-swift.git";
			requirement = {
				kind = upToNextMajorVersion;
				minimumVersion = 19.0.0;
			};
		};
/* End XCRemoteSwiftPackageReference section */

/* Begin XCSwiftPackageProductDependency section */
		BA95252F245ED78500FFC9E3 /* PufferyUI */ = {
			isa = XCSwiftPackageProductDependency;
			productName = PufferyUI;
		};
		BA952531245ED7A300FFC9E3 /* PufferyKit */ = {
			isa = XCSwiftPackageProductDependency;
			productName = PufferyKit;
		};
		BAC3D8202494D3E300BF33BF /* ComposableArchitecture */ = {
			isa = XCSwiftPackageProductDependency;
			package = BA8E673A2469FB93004F05F3 /* XCRemoteSwiftPackageReference "swift-composable-architecture" */;
			productName = ComposableArchitecture;
		};
/* End XCSwiftPackageProductDependency section */

/* Begin XCVersionGroup section */
		BAF154672444BB4400EDB97B /* Puffery.xcdatamodeld */ = {
			isa = XCVersionGroup;
			children = (
				BAF154682444BB4400EDB97B /* Puffery.xcdatamodel */,
			);
			currentVersion = BAF154682444BB4400EDB97B /* Puffery.xcdatamodel */;
			path = Puffery.xcdatamodeld;
			sourceTree = "<group>";
			versionGroupType = wrapper.xcdatamodel;
		};
/* End XCVersionGroup section */
	};
	rootObject = BAF154582444BB4400EDB97B /* Project object */;
}
